
Microsoft Visual Studio Solution File, Format Version 12.00
# Visual Studio Version 17
VisualStudioVersion = 17.8.34511.84
MinimumVisualStudioVersion = 10.0.40219.1
Project("{FAE04EC0-301F-11D3-BF4B-00C04F79EFBC}") = "GeneRemoverCont", "GeneRemoverCont\GeneRemoverCont.csproj", "{0061722D-F679-4A1D-ACE8-398912DCB19B}"
EndProject
Global
	GlobalSection(SolutionConfigurationPlatforms) = preSolution
		Debug|Any CPU = Debug|Any CPU
		Release|Any CPU = Release|Any CPU
	EndGlobalSection
	GlobalSection(ProjectConfigurationPlatforms) = postSolution
		{0061722D-F679-4A1D-ACE8-398912DCB19B}.Debug|Any CPU.ActiveCfg = Debug|Any CPU
		{0061722D-F679-4A1D-ACE8-398912DCB19B}.Debug|Any CPU.Build.0 = Debug|Any CPU
		{0061722D-F679-4A1D-ACE8-398912DCB19B}.Release|Any CPU.ActiveCfg = Release|Any CPU
		{0061722D-F679-4A1D-ACE8-398912DCB19B}.Release|Any CPU.Build.0 = Release|Any CPU
	EndGlobalSection
	GlobalSection(SolutionProperties) = preSolution
		HideSolutionNode = FALSE
	EndGlobalSection
	GlobalSection(ExtensibilityGlobals) = postSolution
		SolutionGuid = {D0CC4C06-00D9-4540-B606-7B372ECB8ED7}
	EndGlobalSection
EndGlobal
